
Microsoft Visual Studio Solution File, Format Version 12.00
# Visual Studio Version 16
VisualStudioVersion = 16.0.31829.152
MinimumVisualStudioVersion = 10.0.40219.1
Project("{FAE04EC0-301F-11D3-BF4B-00C04F79EFBC}") = "SimpleAPI1", "SimpleAPI1\SimpleAPI1.csproj", "{95629947-4E31-4C70-811D-3CA40F423883}"
EndProject
Global
	GlobalSection(SolutionConfigurationPlatforms) = preSolution
		Debug|Any CPU = Debug|Any CPU
		Release|Any CPU = Release|Any CPU
	EndGlobalSection
	GlobalSection(ProjectConfigurationPlatforms) = postSolution
		{95629947-4E31-4C70-811D-3CA40F423883}.Debug|Any CPU.ActiveCfg = Debug|Any CPU
		{95629947-4E31-4C70-811D-3CA40F423883}.Debug|Any CPU.Build.0 = Debug|Any CPU
		{95629947-4E31-4C70-811D-3CA40F423883}.Release|Any CPU.ActiveCfg = Release|Any CPU
		{95629947-4E31-4C70-811D-3CA40F423883}.Release|Any CPU.Build.0 = Release|Any CPU
	EndGlobalSection
	GlobalSection(SolutionProperties) = preSolution
		HideSolutionNode = FALSE
	EndGlobalSection
	GlobalSection(ExtensibilityGlobals) = postSolution
		SolutionGuid = {D02863C6-3347-4628-97DC-C004D401F109}
	EndGlobalSection
EndGlobal
